# This file is automatically @generated by Cargo.
# It is not intended for manual editing.
version = 3

[[package]]
name = "datagen"
version = "1.0.0"
dependencies = [
 "engine",
]

[[package]]
name = "engine"
version = "1.0.0"

[[package]]
name = "tuning"
version = "1.0.0"
dependencies = [
 "engine",
]

[[package]]
name = "uci_loop"
version = "1.0.0"
dependencies = [
 "engine",
]
